
Microsoft Visual Studio Solution File, Format Version 12.00
# Visual Studio 15
VisualStudioVersion = 15.0.28307.421
MinimumVisualStudioVersion = 10.0.40219.1
Project("{9A19103F-16F7-4668-BE54-9A1E7A4F7556}") = "ServiceWebsite", "ServiceWebsite\ServiceWebsite.csproj", "{35EFC7F3-5971-4351-9CB4-EF341A0F516E}"
EndProject
Project("{9A19103F-16F7-4668-BE54-9A1E7A4F7556}") = "ServiceWebsite.Common", "ServiceWebsite.Common\ServiceWebsite.Common.csproj", "{127375BF-C62B-4649-823A-9DFC91252106}"
EndProject
Project("{9A19103F-16F7-4668-BE54-9A1E7A4F7556}") = "ServiceWebsite.Domain", "ServiceWebsite.Domain\ServiceWebsite.Domain.csproj", "{2ED0CEB4-44D6-4C26-B3CC-26ED4B43A1D1}"
EndProject
Project("{9A19103F-16F7-4668-BE54-9A1E7A4F7556}") = "ServiceWebsite.Services", "ServiceWebsite.Services\ServiceWebsite.Services.csproj", "{B60CB3A0-EE78-4D07-B960-C23E414E09ED}"
EndProject
Project("{9A19103F-16F7-4668-BE54-9A1E7A4F7556}") = "ServiceWebsite.UserAPI.Client", "ServiceWebsite.UserAPI.Client\ServiceWebsite.UserAPI.Client.csproj", "{5605D587-9071-4321-8440-737DAD43F0FB}"
EndProject
Project("{9A19103F-16F7-4668-BE54-9A1E7A4F7556}") = "ServiceWebsite.IntegrationTests", "ServiceWebsite.IntegrationTests\ServiceWebsite.IntegrationTests.csproj", "{9A885A59-EF12-4429-A749-51AE897462C5}"
EndProject
Project("{9A19103F-16F7-4668-BE54-9A1E7A4F7556}") = "ServiceWebsite.UnitTests", "ServiceWebsite.UnitTests\ServiceWebsite.UnitTests.csproj", "{838F3A68-1C32-4A13-86B9-C00B808FF0A5}"
EndProject
Project("{2150E333-8FDC-42A3-9474-1A3956D46DE8}") = "Solution", "Solution", "{6A121C33-49FA-4B01-AC57-42425807C50D}"
	ProjectSection(SolutionItems) = preProject
		..\.gitignore = ..\.gitignore
		..\azure-pipelines.yml = ..\azure-pipelines.yml
		..\CODEOWNERS = ..\CODEOWNERS
		..\README.md = ..\README.md
		run_coverage.bat = run_coverage.bat
		run_coverage.sh = run_coverage.sh
	EndProjectSection
EndProject
Project("{2150E333-8FDC-42A3-9474-1A3956D46DE8}") = "Tests", "Tests", "{9B20FDBB-5B9B-4308-8D26-1C83C287D48C}"
EndProject
Project("{FAE04EC0-301F-11D3-BF4B-00C04F79EFBC}") = "ServiceWebsite.BookingApi.Client", "ServiceWebsite.BookingApi.Client\ServiceWebsite.BookingApi.Client.csproj", "{D1DC10D3-0866-4827-A145-F8056772A371}"
EndProject
Global
	GlobalSection(SolutionConfigurationPlatforms) = preSolution
		Debug|Any CPU = Debug|Any CPU
		Release|Any CPU = Release|Any CPU
	EndGlobalSection
	GlobalSection(ProjectConfigurationPlatforms) = postSolution
		{35EFC7F3-5971-4351-9CB4-EF341A0F516E}.Debug|Any CPU.ActiveCfg = Debug|Any CPU
		{35EFC7F3-5971-4351-9CB4-EF341A0F516E}.Debug|Any CPU.Build.0 = Debug|Any CPU
		{35EFC7F3-5971-4351-9CB4-EF341A0F516E}.Release|Any CPU.ActiveCfg = Release|Any CPU
		{35EFC7F3-5971-4351-9CB4-EF341A0F516E}.Release|Any CPU.Build.0 = Release|Any CPU
		{127375BF-C62B-4649-823A-9DFC91252106}.Debug|Any CPU.ActiveCfg = Debug|Any CPU
		{127375BF-C62B-4649-823A-9DFC91252106}.Debug|Any CPU.Build.0 = Debug|Any CPU
		{127375BF-C62B-4649-823A-9DFC91252106}.Release|Any CPU.ActiveCfg = Release|Any CPU
		{127375BF-C62B-4649-823A-9DFC91252106}.Release|Any CPU.Build.0 = Release|Any CPU
		{2ED0CEB4-44D6-4C26-B3CC-26ED4B43A1D1}.Debug|Any CPU.ActiveCfg = Debug|Any CPU
		{2ED0CEB4-44D6-4C26-B3CC-26ED4B43A1D1}.Debug|Any CPU.Build.0 = Debug|Any CPU
		{2ED0CEB4-44D6-4C26-B3CC-26ED4B43A1D1}.Release|Any CPU.ActiveCfg = Release|Any CPU
		{2ED0CEB4-44D6-4C26-B3CC-26ED4B43A1D1}.Release|Any CPU.Build.0 = Release|Any CPU
		{B60CB3A0-EE78-4D07-B960-C23E414E09ED}.Debug|Any CPU.ActiveCfg = Debug|Any CPU
		{B60CB3A0-EE78-4D07-B960-C23E414E09ED}.Debug|Any CPU.Build.0 = Debug|Any CPU
		{B60CB3A0-EE78-4D07-B960-C23E414E09ED}.Release|Any CPU.ActiveCfg = Release|Any CPU
		{B60CB3A0-EE78-4D07-B960-C23E414E09ED}.Release|Any CPU.Build.0 = Release|Any CPU
		{5605D587-9071-4321-8440-737DAD43F0FB}.Debug|Any CPU.ActiveCfg = Debug|Any CPU
		{5605D587-9071-4321-8440-737DAD43F0FB}.Debug|Any CPU.Build.0 = Debug|Any CPU
		{5605D587-9071-4321-8440-737DAD43F0FB}.Release|Any CPU.ActiveCfg = Release|Any CPU
		{5605D587-9071-4321-8440-737DAD43F0FB}.Release|Any CPU.Build.0 = Release|Any CPU
		{9A885A59-EF12-4429-A749-51AE897462C5}.Debug|Any CPU.ActiveCfg = Debug|Any CPU
		{9A885A59-EF12-4429-A749-51AE897462C5}.Debug|Any CPU.Build.0 = Debug|Any CPU
		{9A885A59-EF12-4429-A749-51AE897462C5}.Release|Any CPU.ActiveCfg = Release|Any CPU
		{9A885A59-EF12-4429-A749-51AE897462C5}.Release|Any CPU.Build.0 = Release|Any CPU
		{838F3A68-1C32-4A13-86B9-C00B808FF0A5}.Debug|Any CPU.ActiveCfg = Debug|Any CPU
		{838F3A68-1C32-4A13-86B9-C00B808FF0A5}.Debug|Any CPU.Build.0 = Debug|Any CPU
		{838F3A68-1C32-4A13-86B9-C00B808FF0A5}.Release|Any CPU.ActiveCfg = Release|Any CPU
		{838F3A68-1C32-4A13-86B9-C00B808FF0A5}.Release|Any CPU.Build.0 = Release|Any CPU
		{D1DC10D3-0866-4827-A145-F8056772A371}.Debug|Any CPU.ActiveCfg = Debug|Any CPU
		{D1DC10D3-0866-4827-A145-F8056772A371}.Debug|Any CPU.Build.0 = Debug|Any CPU
		{D1DC10D3-0866-4827-A145-F8056772A371}.Release|Any CPU.ActiveCfg = Release|Any CPU
		{D1DC10D3-0866-4827-A145-F8056772A371}.Release|Any CPU.Build.0 = Release|Any CPU
	EndGlobalSection
	GlobalSection(SolutionProperties) = preSolution
		HideSolutionNode = FALSE
	EndGlobalSection
	GlobalSection(NestedProjects) = preSolution
		{9A885A59-EF12-4429-A749-51AE897462C5} = {9B20FDBB-5B9B-4308-8D26-1C83C287D48C}
		{838F3A68-1C32-4A13-86B9-C00B808FF0A5} = {9B20FDBB-5B9B-4308-8D26-1C83C287D48C}
	EndGlobalSection
	GlobalSection(ExtensibilityGlobals) = postSolution
		SolutionGuid = {7DF0D81B-36CE-426F-A117-7065BF5C0ECD}
	EndGlobalSection
EndGlobal
