
Microsoft Visual Studio Solution File, Format Version 12.00
# Visual Studio Version 16
VisualStudioVersion = 16.0.29609.76
MinimumVisualStudioVersion = 10.0.40219.1
Project("{9A19103F-16F7-4668-BE54-9A1E7A4F7556}") = "ServiceWebsite", "ServiceWebsite\ServiceWebsite.csproj", "{6C5FE5CB-6261-4890-8A70-B6FCE1D3B02B}"
EndProject
Project("{9A19103F-16F7-4668-BE54-9A1E7A4F7556}") = "ServiceWebsite.Common", "ServiceWebsite.Common\ServiceWebsite.Common.csproj", "{1377EECA-3960-457D-BAC4-F49BB62BE148}"
EndProject
Project("{9A19103F-16F7-4668-BE54-9A1E7A4F7556}") = "ServiceWebsite.Domain", "ServiceWebsite.Domain\ServiceWebsite.Domain.csproj", "{2ED0CEB4-44D6-4C26-B3CC-26ED4B43A1D1}"
EndProject
Project("{9A19103F-16F7-4668-BE54-9A1E7A4F7556}") = "ServiceWebsite.Services", "ServiceWebsite.Services\ServiceWebsite.Services.csproj", "{9FCC6576-9589-4105-A26D-798C56788E7E}"
EndProject
Project("{9A19103F-16F7-4668-BE54-9A1E7A4F7556}") = "ServiceWebsite.IntegrationTests", "ServiceWebsite.IntegrationTests\ServiceWebsite.IntegrationTests.csproj", "{6275CE0B-129B-4376-8784-A687F46F9A00}"
EndProject
Project("{9A19103F-16F7-4668-BE54-9A1E7A4F7556}") = "ServiceWebsite.UnitTests", "ServiceWebsite.UnitTests\ServiceWebsite.UnitTests.csproj", "{6268CACF-57F1-4106-B1DE-3BB7A2106EAF}"
EndProject
Project("{2150E333-8FDC-42A3-9474-1A3956D46DE8}") = "Solution", "Solution", "{6A121C33-49FA-4B01-AC57-42425807C50D}"
	ProjectSection(SolutionItems) = preProject
		..\.gitignore = ..\.gitignore
		..\azure-pipelines.yml = ..\azure-pipelines.yml
		..\CODEOWNERS = ..\CODEOWNERS
		..\README.md = ..\README.md
		run_coverage.bat = run_coverage.bat
		run_coverage.sh = run_coverage.sh
	EndProjectSection
EndProject
Project("{2150E333-8FDC-42A3-9474-1A3956D46DE8}") = "Tests", "Tests", "{9B20FDBB-5B9B-4308-8D26-1C83C287D48C}"
EndProject
Project("{9A19103F-16F7-4668-BE54-9A1E7A4F7556}") = "ServiceWebsite.AcceptanceTests", "ServiceWebsite.AcceptanceTests\ServiceWebsite.AcceptanceTests.csproj", "{0DD3654F-54B2-423D-A991-0A6C62C494C4}"
EndProject
Global
	GlobalSection(SolutionConfigurationPlatforms) = preSolution
		Debug|Any CPU = Debug|Any CPU
		Release|Any CPU = Release|Any CPU
	EndGlobalSection
	GlobalSection(ProjectConfigurationPlatforms) = postSolution
		{6C5FE5CB-6261-4890-8A70-B6FCE1D3B02B}.Debug|Any CPU.ActiveCfg = Debug|Any CPU
		{6C5FE5CB-6261-4890-8A70-B6FCE1D3B02B}.Debug|Any CPU.Build.0 = Debug|Any CPU
		{6C5FE5CB-6261-4890-8A70-B6FCE1D3B02B}.Release|Any CPU.ActiveCfg = Release|Any CPU
		{6C5FE5CB-6261-4890-8A70-B6FCE1D3B02B}.Release|Any CPU.Build.0 = Release|Any CPU
		{1377EECA-3960-457D-BAC4-F49BB62BE148}.Debug|Any CPU.ActiveCfg = Debug|Any CPU
		{1377EECA-3960-457D-BAC4-F49BB62BE148}.Debug|Any CPU.Build.0 = Debug|Any CPU
		{1377EECA-3960-457D-BAC4-F49BB62BE148}.Release|Any CPU.ActiveCfg = Release|Any CPU
		{1377EECA-3960-457D-BAC4-F49BB62BE148}.Release|Any CPU.Build.0 = Release|Any CPU
		{2ED0CEB4-44D6-4C26-B3CC-26ED4B43A1D1}.Debug|Any CPU.ActiveCfg = Debug|Any CPU
		{2ED0CEB4-44D6-4C26-B3CC-26ED4B43A1D1}.Debug|Any CPU.Build.0 = Debug|Any CPU
		{2ED0CEB4-44D6-4C26-B3CC-26ED4B43A1D1}.Release|Any CPU.ActiveCfg = Release|Any CPU
		{2ED0CEB4-44D6-4C26-B3CC-26ED4B43A1D1}.Release|Any CPU.Build.0 = Release|Any CPU
		{9FCC6576-9589-4105-A26D-798C56788E7E}.Debug|Any CPU.ActiveCfg = Debug|Any CPU
		{9FCC6576-9589-4105-A26D-798C56788E7E}.Debug|Any CPU.Build.0 = Debug|Any CPU
		{9FCC6576-9589-4105-A26D-798C56788E7E}.Release|Any CPU.ActiveCfg = Release|Any CPU
		{9FCC6576-9589-4105-A26D-798C56788E7E}.Release|Any CPU.Build.0 = Release|Any CPU
		{6275CE0B-129B-4376-8784-A687F46F9A00}.Debug|Any CPU.ActiveCfg = Debug|Any CPU
		{6275CE0B-129B-4376-8784-A687F46F9A00}.Debug|Any CPU.Build.0 = Debug|Any CPU
		{6275CE0B-129B-4376-8784-A687F46F9A00}.Release|Any CPU.ActiveCfg = Release|Any CPU
		{6275CE0B-129B-4376-8784-A687F46F9A00}.Release|Any CPU.Build.0 = Release|Any CPU
		{6268CACF-57F1-4106-B1DE-3BB7A2106EAF}.Debug|Any CPU.ActiveCfg = Debug|Any CPU
		{6268CACF-57F1-4106-B1DE-3BB7A2106EAF}.Debug|Any CPU.Build.0 = Debug|Any CPU
		{6268CACF-57F1-4106-B1DE-3BB7A2106EAF}.Release|Any CPU.ActiveCfg = Release|Any CPU
		{6268CACF-57F1-4106-B1DE-3BB7A2106EAF}.Release|Any CPU.Build.0 = Release|Any CPU
		{0DD3654F-54B2-423D-A991-0A6C62C494C4}.Debug|Any CPU.ActiveCfg = Debug|Any CPU
		{0DD3654F-54B2-423D-A991-0A6C62C494C4}.Debug|Any CPU.Build.0 = Debug|Any CPU
		{0DD3654F-54B2-423D-A991-0A6C62C494C4}.Release|Any CPU.ActiveCfg = Release|Any CPU
		{0DD3654F-54B2-423D-A991-0A6C62C494C4}.Release|Any CPU.Build.0 = Release|Any CPU
	EndGlobalSection
	GlobalSection(SolutionProperties) = preSolution
		HideSolutionNode = FALSE
	EndGlobalSection
	GlobalSection(NestedProjects) = preSolution
		{6275CE0B-129B-4376-8784-A687F46F9A00} = {9B20FDBB-5B9B-4308-8D26-1C83C287D48C}
		{6268CACF-57F1-4106-B1DE-3BB7A2106EAF} = {9B20FDBB-5B9B-4308-8D26-1C83C287D48C}
		{0DD3654F-54B2-423D-A991-0A6C62C494C4} = {9B20FDBB-5B9B-4308-8D26-1C83C287D48C}
	EndGlobalSection
	GlobalSection(ExtensibilityGlobals) = postSolution
		SolutionGuid = {7DF0D81B-36CE-426F-A117-7065BF5C0ECD}
	EndGlobalSection
EndGlobal
